
Microsoft Visual Studio Solution File, Format Version 12.00
# Visual Studio Version 16
VisualStudioVersion = 16.0.29728.190
MinimumVisualStudioVersion = 10.0.40219.1
Project("{9A19103F-16F7-4668-BE54-9A1E7A4F7556}") = "RemPeopleApi", "RemPeople.Api/RemPeopleApi.csproj", "{C733E887-BF9F-496B-99BE-0D45E04D3697}"
EndProject
Project("{9A19103F-16F7-4668-BE54-9A1E7A4F7556}") = "Utilities", "Utilities\Utilities.csproj", "{B665A3E1-CD55-4D55-86A1-BE57574FBD96}"
EndProject
Project("{9A19103F-16F7-4668-BE54-9A1E7A4F7556}") = "DAL", "DAL\DAL.csproj", "{18AE5624-1DF0-4E31-8B80-D7681780F46F}"
EndProject
Project("{9A19103F-16F7-4668-BE54-9A1E7A4F7556}") = "COM", "COM\COM.csproj", "{AD49AECD-8948-413B-8C72-084699917809}"
EndProject
Project("{FAE04EC0-301F-11D3-BF4B-00C04F79EFBC}") = "BUS", "BUS\BUS.csproj", "{6AD9FA6C-983C-4CF6-9529-D5CBB27C9F24}"
EndProject
Global
	GlobalSection(SolutionConfigurationPlatforms) = preSolution
		Debug|Any CPU = Debug|Any CPU
		Release|Any CPU = Release|Any CPU
	EndGlobalSection
	GlobalSection(ProjectConfigurationPlatforms) = postSolution
		{C733E887-BF9F-496B-99BE-0D45E04D3697}.Debug|Any CPU.ActiveCfg = Debug|Any CPU
		{C733E887-BF9F-496B-99BE-0D45E04D3697}.Debug|Any CPU.Build.0 = Debug|Any CPU
		{C733E887-BF9F-496B-99BE-0D45E04D3697}.Release|Any CPU.ActiveCfg = Release|Any CPU
		{C733E887-BF9F-496B-99BE-0D45E04D3697}.Release|Any CPU.Build.0 = Release|Any CPU
		{B665A3E1-CD55-4D55-86A1-BE57574FBD96}.Debug|Any CPU.ActiveCfg = Debug|Any CPU
		{B665A3E1-CD55-4D55-86A1-BE57574FBD96}.Debug|Any CPU.Build.0 = Debug|Any CPU
		{B665A3E1-CD55-4D55-86A1-BE57574FBD96}.Release|Any CPU.ActiveCfg = Release|Any CPU
		{B665A3E1-CD55-4D55-86A1-BE57574FBD96}.Release|Any CPU.Build.0 = Release|Any CPU
		{18AE5624-1DF0-4E31-8B80-D7681780F46F}.Debug|Any CPU.ActiveCfg = Debug|Any CPU
		{18AE5624-1DF0-4E31-8B80-D7681780F46F}.Debug|Any CPU.Build.0 = Debug|Any CPU
		{18AE5624-1DF0-4E31-8B80-D7681780F46F}.Release|Any CPU.ActiveCfg = Release|Any CPU
		{18AE5624-1DF0-4E31-8B80-D7681780F46F}.Release|Any CPU.Build.0 = Release|Any CPU
		{AD49AECD-8948-413B-8C72-084699917809}.Debug|Any CPU.ActiveCfg = Debug|Any CPU
		{AD49AECD-8948-413B-8C72-084699917809}.Debug|Any CPU.Build.0 = Debug|Any CPU
		{AD49AECD-8948-413B-8C72-084699917809}.Release|Any CPU.ActiveCfg = Release|Any CPU
		{AD49AECD-8948-413B-8C72-084699917809}.Release|Any CPU.Build.0 = Release|Any CPU
		{6AD9FA6C-983C-4CF6-9529-D5CBB27C9F24}.Debug|Any CPU.ActiveCfg = Debug|Any CPU
		{6AD9FA6C-983C-4CF6-9529-D5CBB27C9F24}.Debug|Any CPU.Build.0 = Debug|Any CPU
		{6AD9FA6C-983C-4CF6-9529-D5CBB27C9F24}.Release|Any CPU.ActiveCfg = Release|Any CPU
		{6AD9FA6C-983C-4CF6-9529-D5CBB27C9F24}.Release|Any CPU.Build.0 = Release|Any CPU
	EndGlobalSection
	GlobalSection(SolutionProperties) = preSolution
		HideSolutionNode = FALSE
	EndGlobalSection
	GlobalSection(ExtensibilityGlobals) = postSolution
		SolutionGuid = {AFD4B60F-0917-4740-85AC-01CA144C6FAE}
	EndGlobalSection
EndGlobal
